{
  "originHash" : "846f53cef1bd40dbbfd21cb4a520ff8a162522861aed66e40b8d1c40d2358dac",
  "pins" : [
    {
      "identity" : "pdkutils",
      "kind" : "remoteSourceControl",
      "location" : "https://source.marquiskurt.net/PDUniverse/PDKUtils.git",
      "state" : {
        "branch" : "main",
        "revision" : "a66389c5aeb4629a5ee5b77846ba51defecaf624"
      }
    },
    {
      "identity" : "playdatekit",
      "kind" : "remoteSourceControl",
      "location" : "https://source.marquiskurt.net/PDUniverse/PlaydateKit.git",
      "state" : {
        "branch" : "main",
        "revision" : "485b25329a2552222d15564ecb68a4eeb3d901b7"
      }
    }
  ],
  "version" : 3
}
