{
  "originHash" : "737ff29ae9c2f124736bde61c11332645f50645414e56aed670fbac3354e30b2",
  "pins" : [
    {
      "identity" : "pdkutils",
      "kind" : "remoteSourceControl",
      "location" : "https://source.marquiskurt.net/PDUniverse/PDKUtils.git",
      "state" : {
        "branch" : "main",
        "revision" : "56d2bd172c32f80fc283126c44b6a5b4d90164d3"
      }
    },
    {
      "identity" : "playdatekit",
      "kind" : "remoteSourceControl",
      "location" : "https://source.marquiskurt.net/PDUniverse/PlaydateKit.git",
      "state" : {
        "branch" : "main",
        "revision" : "485b25329a2552222d15564ecb68a4eeb3d901b7"
      }
    }
  ],
  "version" : 3
}
